
Microsoft Visual Studio Solution File, Format Version 12.00
# Visual Studio Version 16
VisualStudioVersion = 16.0.31402.337
MinimumVisualStudioVersion = 10.0.40219.1
Project("{FAE04EC0-301F-11D3-BF4B-00C04F79EFBC}") = "TemplateBot", "TemplateBot/TemplateBot.csproj", "{C53B423F-5004-4FF5-8454-D2D3080C1D33}"
EndProject
Global
	GlobalSection(SolutionConfigurationPlatforms) = preSolution
		Debug|Any CPU = Debug|Any CPU
		Release|Any CPU = Release|Any CPU
	EndGlobalSection
	GlobalSection(ProjectConfigurationPlatforms) = postSolution
		{C53B423F-5004-4FF5-8454-D2D3080C1D33}.Debug|Any CPU.ActiveCfg = Debug|Any CPU
		{C53B423F-5004-4FF5-8454-D2D3080C1D33}.Debug|Any CPU.Build.0 = Debug|Any CPU
		{C53B423F-5004-4FF5-8454-D2D3080C1D33}.Release|Any CPU.ActiveCfg = Release|Any CPU
		{C53B423F-5004-4FF5-8454-D2D3080C1D33}.Release|Any CPU.Build.0 = Release|Any CPU
	EndGlobalSection
	GlobalSection(SolutionProperties) = preSolution
		HideSolutionNode = FALSE
	EndGlobalSection
	GlobalSection(ExtensibilityGlobals) = postSolution
		SolutionGuid = {1E291C04-11C0-4401-ABB7-20FDB01D505E}
	EndGlobalSection
EndGlobal
